
Microsoft Visual Studio Solution File, Format Version 12.00
# Visual Studio Version 16
VisualStudioVersion = 16.0.31729.503
MinimumVisualStudioVersion = 10.0.40219.1
Project("{FAE04EC0-301F-11D3-BF4B-00C04F79EFBC}") = "DigiDoc.Portal", "DigiDoc\DigiDoc.Portal.csproj", "{38876471-BABB-4F06-8915-A4801F55C48D}"
EndProject
Project("{FAE04EC0-301F-11D3-BF4B-00C04F79EFBC}") = "DigiDoc.DataAccess", "DigiDoc.DataAccess\DigiDoc.DataAccess.csproj", "{B6ED0816-62F4-4F1D-A8A8-F10239119B62}"
EndProject
Project("{FAE04EC0-301F-11D3-BF4B-00C04F79EFBC}") = "DigiDoc.WebAPI", "DigiDoc.WebAPI\DigiDoc.WebAPI.csproj", "{9F197FA9-BEA3-42C7-A385-B541AD676849}"
EndProject
Project("{FAE04EC0-301F-11D3-BF4B-00C04F79EFBC}") = "DigiDoc.PdfHelper", "DigiDoc.PdfHelper\DigiDoc.PdfHelper.csproj", "{8DC62822-DF6B-49A2-9A0E-749890B1DD45}"
EndProject
Global
	GlobalSection(SolutionConfigurationPlatforms) = preSolution
		Debug|Any CPU = Debug|Any CPU
		Release|Any CPU = Release|Any CPU
	EndGlobalSection
	GlobalSection(ProjectConfigurationPlatforms) = postSolution
		{38876471-BABB-4F06-8915-A4801F55C48D}.Debug|Any CPU.ActiveCfg = Debug|Any CPU
		{38876471-BABB-4F06-8915-A4801F55C48D}.Debug|Any CPU.Build.0 = Debug|Any CPU
		{38876471-BABB-4F06-8915-A4801F55C48D}.Release|Any CPU.ActiveCfg = Release|Any CPU
		{38876471-BABB-4F06-8915-A4801F55C48D}.Release|Any CPU.Build.0 = Release|Any CPU
		{B6ED0816-62F4-4F1D-A8A8-F10239119B62}.Debug|Any CPU.ActiveCfg = Debug|Any CPU
		{B6ED0816-62F4-4F1D-A8A8-F10239119B62}.Debug|Any CPU.Build.0 = Debug|Any CPU
		{B6ED0816-62F4-4F1D-A8A8-F10239119B62}.Release|Any CPU.ActiveCfg = Release|Any CPU
		{B6ED0816-62F4-4F1D-A8A8-F10239119B62}.Release|Any CPU.Build.0 = Release|Any CPU
		{9F197FA9-BEA3-42C7-A385-B541AD676849}.Debug|Any CPU.ActiveCfg = Debug|Any CPU
		{9F197FA9-BEA3-42C7-A385-B541AD676849}.Debug|Any CPU.Build.0 = Debug|Any CPU
		{9F197FA9-BEA3-42C7-A385-B541AD676849}.Release|Any CPU.ActiveCfg = Release|Any CPU
		{9F197FA9-BEA3-42C7-A385-B541AD676849}.Release|Any CPU.Build.0 = Release|Any CPU
		{8DC62822-DF6B-49A2-9A0E-749890B1DD45}.Debug|Any CPU.ActiveCfg = Debug|Any CPU
		{8DC62822-DF6B-49A2-9A0E-749890B1DD45}.Debug|Any CPU.Build.0 = Debug|Any CPU
		{8DC62822-DF6B-49A2-9A0E-749890B1DD45}.Release|Any CPU.ActiveCfg = Release|Any CPU
		{8DC62822-DF6B-49A2-9A0E-749890B1DD45}.Release|Any CPU.Build.0 = Release|Any CPU
	EndGlobalSection
	GlobalSection(SolutionProperties) = preSolution
		HideSolutionNode = FALSE
	EndGlobalSection
	GlobalSection(ExtensibilityGlobals) = postSolution
		SolutionGuid = {85474DA4-7AEC-4479-8D65-5FD61E7D3A5F}
	EndGlobalSection
EndGlobal
